
Microsoft Visual Studio Solution File, Format Version 12.00
# Visual Studio 15
VisualStudioVersion = 15.0.27825.0
MinimumVisualStudioVersion = 10.0.40219.1
Project("{FAE04EC0-301F-11D3-BF4B-00C04F79EFBC}") = "TeslaCanBusInspector", "TeslaCanBusInspector\TeslaCanBusInspector.csproj", "{5F798D51-2DDB-4673-805E-AC9C2A6D0F5A}"
EndProject
Project("{FAE04EC0-301F-11D3-BF4B-00C04F79EFBC}") = "TeslaCanBusInspector.Tests", "TeslaCanBusInspector.Tests\TeslaCanBusInspector.Tests.csproj", "{8F82F779-5A1B-413F-8266-99B6C9C75ACA}"
EndProject
Global
	GlobalSection(SolutionConfigurationPlatforms) = preSolution
		Debug|Any CPU = Debug|Any CPU
		Release|Any CPU = Release|Any CPU
	EndGlobalSection
	GlobalSection(ProjectConfigurationPlatforms) = postSolution
		{5F798D51-2DDB-4673-805E-AC9C2A6D0F5A}.Debug|Any CPU.ActiveCfg = Debug|Any CPU
		{5F798D51-2DDB-4673-805E-AC9C2A6D0F5A}.Debug|Any CPU.Build.0 = Debug|Any CPU
		{5F798D51-2DDB-4673-805E-AC9C2A6D0F5A}.Release|Any CPU.ActiveCfg = Release|Any CPU
		{5F798D51-2DDB-4673-805E-AC9C2A6D0F5A}.Release|Any CPU.Build.0 = Release|Any CPU
		{8F82F779-5A1B-413F-8266-99B6C9C75ACA}.Debug|Any CPU.ActiveCfg = Debug|Any CPU
		{8F82F779-5A1B-413F-8266-99B6C9C75ACA}.Debug|Any CPU.Build.0 = Debug|Any CPU
		{8F82F779-5A1B-413F-8266-99B6C9C75ACA}.Release|Any CPU.ActiveCfg = Release|Any CPU
		{8F82F779-5A1B-413F-8266-99B6C9C75ACA}.Release|Any CPU.Build.0 = Release|Any CPU
	EndGlobalSection
	GlobalSection(SolutionProperties) = preSolution
		HideSolutionNode = FALSE
	EndGlobalSection
	GlobalSection(ExtensibilityGlobals) = postSolution
		SolutionGuid = {FFE25325-5303-4316-B4A0-D92EEAD6A42C}
	EndGlobalSection
EndGlobal
